
Microsoft Visual Studio Solution File, Format Version 12.00
# Visual Studio 15
VisualStudioVersion = 15.0.25807.0
MinimumVisualStudioVersion = 10.0.40219.1
Project("{2150E333-8FDC-42A3-9474-1A3956D46DE8}") = "Engine", "Engine", "{1F156676-853E-4FBC-B894-15D3C411DA44}"
EndProject
Project("{2150E333-8FDC-42A3-9474-1A3956D46DE8}") = "Games", "Games", "{23FE49FC-882A-4DEE-91CB-85ACA224A554}"
EndProject
Project("{8BC9CEB8-8B4A-11D0-8D11-00A0C91BC942}") = "UE4", "Intermediate\ProjectFiles\UE4.vcxproj", "{91104B0E-C91A-4508-A73A-00793AC2EE70}"
EndProject
Project("{8BC9CEB8-8B4A-11D0-8D11-00A0C91BC942}") = "AssistLibProject", "Intermediate\ProjectFiles\AssistLibProject.vcxproj", "{57F7660C-24B9-453E-9E6F-0DCE88D8B825}"
EndProject
Global
	GlobalSection(SolutionConfigurationPlatforms) = preSolution
		DebugGame Editor|HTML5 = DebugGame Editor|HTML5
		DebugGame Editor|IOS = DebugGame Editor|IOS
		DebugGame Editor|Linux = DebugGame Editor|Linux
		DebugGame Editor|Win32 = DebugGame Editor|Win32
		DebugGame Editor|Win64 = DebugGame Editor|Win64
		DebugGame|HTML5 = DebugGame|HTML5
		DebugGame|IOS = DebugGame|IOS
		DebugGame|Linux = DebugGame|Linux
		DebugGame|Win32 = DebugGame|Win32
		DebugGame|Win64 = DebugGame|Win64
		Development Editor|HTML5 = Development Editor|HTML5
		Development Editor|IOS = Development Editor|IOS
		Development Editor|Linux = Development Editor|Linux
		Development Editor|Win32 = Development Editor|Win32
		Development Editor|Win64 = Development Editor|Win64
		Development|HTML5 = Development|HTML5
		Development|IOS = Development|IOS
		Development|Linux = Development|Linux
		Development|Win32 = Development|Win32
		Development|Win64 = Development|Win64
		Shipping|HTML5 = Shipping|HTML5
		Shipping|IOS = Shipping|IOS
		Shipping|Linux = Shipping|Linux
		Shipping|Win32 = Shipping|Win32
		Shipping|Win64 = Shipping|Win64
	EndGlobalSection
	GlobalSection(ProjectConfigurationPlatforms) = postSolution
		{57F7660C-24B9-453E-9E6F-0DCE88D8B825}.DebugGame Editor|HTML5.ActiveCfg = HTML5_DebugGame_Editor|Win32
		{57F7660C-24B9-453E-9E6F-0DCE88D8B825}.DebugGame Editor|IOS.ActiveCfg = IOS_DebugGame_Editor|Win32
		{57F7660C-24B9-453E-9E6F-0DCE88D8B825}.DebugGame Editor|Linux.ActiveCfg = Linux_DebugGame_Editor|Win32
		{57F7660C-24B9-453E-9E6F-0DCE88D8B825}.DebugGame Editor|Linux.Build.0 = Linux_DebugGame_Editor|Win32
		{57F7660C-24B9-453E-9E6F-0DCE88D8B825}.DebugGame Editor|Win32.ActiveCfg = DebugGame_Editor|Win32
		{57F7660C-24B9-453E-9E6F-0DCE88D8B825}.DebugGame Editor|Win64.ActiveCfg = DebugGame_Editor|x64
		{57F7660C-24B9-453E-9E6F-0DCE88D8B825}.DebugGame Editor|Win64.Build.0 = DebugGame_Editor|x64
		{57F7660C-24B9-453E-9E6F-0DCE88D8B825}.DebugGame|HTML5.ActiveCfg = HTML5_DebugGame_Game|Win32
		{57F7660C-24B9-453E-9E6F-0DCE88D8B825}.DebugGame|HTML5.Build.0 = HTML5_DebugGame_Game|Win32
		{57F7660C-24B9-453E-9E6F-0DCE88D8B825}.DebugGame|IOS.ActiveCfg = IOS_DebugGame_Game|Win32
		{57F7660C-24B9-453E-9E6F-0DCE88D8B825}.DebugGame|IOS.Build.0 = IOS_DebugGame_Game|Win32
		{57F7660C-24B9-453E-9E6F-0DCE88D8B825}.DebugGame|Linux.ActiveCfg = Linux_DebugGame_Game|Win32
		{57F7660C-24B9-453E-9E6F-0DCE88D8B825}.DebugGame|Linux.Build.0 = Linux_DebugGame_Game|Win32
		{57F7660C-24B9-453E-9E6F-0DCE88D8B825}.DebugGame|Win32.ActiveCfg = DebugGame_Game|Win32
		{57F7660C-24B9-453E-9E6F-0DCE88D8B825}.DebugGame|Win32.Build.0 = DebugGame_Game|Win32
		{57F7660C-24B9-453E-9E6F-0DCE88D8B825}.DebugGame|Win64.ActiveCfg = DebugGame_Game|x64
		{57F7660C-24B9-453E-9E6F-0DCE88D8B825}.DebugGame|Win64.Build.0 = DebugGame_Game|x64
		{57F7660C-24B9-453E-9E6F-0DCE88D8B825}.Development Editor|HTML5.ActiveCfg = HTML5_Development_Editor|Win32
		{57F7660C-24B9-453E-9E6F-0DCE88D8B825}.Development Editor|IOS.ActiveCfg = IOS_Development_Editor|Win32
		{57F7660C-24B9-453E-9E6F-0DCE88D8B825}.Development Editor|Linux.ActiveCfg = Linux_Development_Editor|Win32
		{57F7660C-24B9-453E-9E6F-0DCE88D8B825}.Development Editor|Linux.Build.0 = Linux_Development_Editor|Win32
		{57F7660C-24B9-453E-9E6F-0DCE88D8B825}.Development Editor|Win32.ActiveCfg = Development_Editor|Win32
		{57F7660C-24B9-453E-9E6F-0DCE88D8B825}.Development Editor|Win64.ActiveCfg = Development_Editor|x64
		{57F7660C-24B9-453E-9E6F-0DCE88D8B825}.Development Editor|Win64.Build.0 = Development_Editor|x64
		{57F7660C-24B9-453E-9E6F-0DCE88D8B825}.Development|HTML5.ActiveCfg = HTML5_Development_Game|Win32
		{57F7660C-24B9-453E-9E6F-0DCE88D8B825}.Development|HTML5.Build.0 = HTML5_Development_Game|Win32
		{57F7660C-24B9-453E-9E6F-0DCE88D8B825}.Development|IOS.ActiveCfg = IOS_Development_Game|Win32
		{57F7660C-24B9-453E-9E6F-0DCE88D8B825}.Development|IOS.Build.0 = IOS_Development_Game|Win32
		{57F7660C-24B9-453E-9E6F-0DCE88D8B825}.Development|Linux.ActiveCfg = Linux_Development_Game|Win32
		{57F7660C-24B9-453E-9E6F-0DCE88D8B825}.Development|Linux.Build.0 = Linux_Development_Game|Win32
		{57F7660C-24B9-453E-9E6F-0DCE88D8B825}.Development|Win32.ActiveCfg = Development_Game|Win32
		{57F7660C-24B9-453E-9E6F-0DCE88D8B825}.Development|Win32.Build.0 = Development_Game|Win32
		{57F7660C-24B9-453E-9E6F-0DCE88D8B825}.Development|Win64.ActiveCfg = Development_Game|x64
		{57F7660C-24B9-453E-9E6F-0DCE88D8B825}.Development|Win64.Build.0 = Development_Game|x64
		{57F7660C-24B9-453E-9E6F-0DCE88D8B825}.Shipping|HTML5.ActiveCfg = HTML5_Shipping_Game|Win32
		{57F7660C-24B9-453E-9E6F-0DCE88D8B825}.Shipping|HTML5.Build.0 = HTML5_Shipping_Game|Win32
		{57F7660C-24B9-453E-9E6F-0DCE88D8B825}.Shipping|IOS.ActiveCfg = IOS_Shipping_Game|Win32
		{57F7660C-24B9-453E-9E6F-0DCE88D8B825}.Shipping|IOS.Build.0 = IOS_Shipping_Game|Win32
		{57F7660C-24B9-453E-9E6F-0DCE88D8B825}.Shipping|Linux.ActiveCfg = Linux_Shipping_Game|Win32
		{57F7660C-24B9-453E-9E6F-0DCE88D8B825}.Shipping|Linux.Build.0 = Linux_Shipping_Game|Win32
		{57F7660C-24B9-453E-9E6F-0DCE88D8B825}.Shipping|Win32.ActiveCfg = Shipping_Game|Win32
		{57F7660C-24B9-453E-9E6F-0DCE88D8B825}.Shipping|Win32.Build.0 = Shipping_Game|Win32
		{57F7660C-24B9-453E-9E6F-0DCE88D8B825}.Shipping|Win64.ActiveCfg = Shipping_Game|x64
		{57F7660C-24B9-453E-9E6F-0DCE88D8B825}.Shipping|Win64.Build.0 = Shipping_Game|x64
	EndGlobalSection
	GlobalSection(SolutionProperties) = preSolution
		HideSolutionNode = FALSE
	EndGlobalSection
	GlobalSection(NestedProjects) = preSolution
		{91104B0E-C91A-4508-A73A-00793AC2EE70} = {1F156676-853E-4FBC-B894-15D3C411DA44}
		{57F7660C-24B9-453E-9E6F-0DCE88D8B825} = {23FE49FC-882A-4DEE-91CB-85ACA224A554}
	EndGlobalSection
EndGlobal
